{
  "name": "gql_sse_link",
  "version": "1.0.0",
  "lockfileVersion": 2,
  "requires": true,
  "packages": {
    "": {
      "version": "1.0.0",
      "dependencies": {
        "graphql-sse": "^1.0.4"
      }
    },
    "node_modules/graphql": {
      "version": "15.6.1",
      "resolved": "https://registry.npmjs.org/graphql/-/graphql-15.6.1.tgz",
      "integrity": "sha512-3i5lu0z6dRvJ48QP9kFxBkJ7h4Kso7PS8eahyTFz5Jm6CvQfLtNIE8LX9N6JLnXTuwR+sIYnXzaWp6anOg0QQw==",
      "peer": true,
      "engines": {
        "node": ">= 10.x"
      }
    },
    "node_modules/graphql-sse": {
      "version": "1.0.4",
      "resolved": "https://registry.npmjs.org/graphql-sse/-/graphql-sse-1.0.4.tgz",
      "integrity": "sha512-oB43ifRcEdElgep9jTP9qsj5cJ7Ny/1tAFyIl1W3A0hXRRg/P71tUHzMFBrRkEsJ9IA7MTp+RKSJfh52QR6PBQ==",
      "engines": {
        "node": ">=12"
      },
      "peerDependencies": {
        "graphql": ">=0.11 <=16"
      }
    }
  },
  "dependencies": {
    "graphql": {
      "version": "15.6.1",
      "resolved": "https://registry.npmjs.org/graphql/-/graphql-15.6.1.tgz",
      "integrity": "sha512-3i5lu0z6dRvJ48QP9kFxBkJ7h4Kso7PS8eahyTFz5Jm6CvQfLtNIE8LX9N6JLnXTuwR+sIYnXzaWp6anOg0QQw==",
      "peer": true
    },
    "graphql-sse": {
      "version": "1.0.4",
      "resolved": "https://registry.npmjs.org/graphql-sse/-/graphql-sse-1.0.4.tgz",
      "integrity": "sha512-oB43ifRcEdElgep9jTP9qsj5cJ7Ny/1tAFyIl1W3A0hXRRg/P71tUHzMFBrRkEsJ9IA7MTp+RKSJfh52QR6PBQ==",
      "requires": {}
    }
  }
}
